
Microsoft Visual Studio Solution File, Format Version 12.00
# Visual Studio Version 17
VisualStudioVersion = 17.9.34607.119
MinimumVisualStudioVersion = 10.0.40219.1
Project("{E24C65DC-7377-472B-9ABA-BC803B73C61A}") = "LSIO", "http://localhost:55056", "{75565F15-BAE9-4DC2-A223-7A0A160A9CC9}"
	ProjectSection(WebsiteProperties) = preProject
		UseIISExpress = "true"
		TargetFrameworkMoniker = ".NETFramework,Version%3Dv4.5"
		Debug.AspNetCompiler.VirtualPath = "/localhost_55056"
		Debug.AspNetCompiler.PhysicalPath = "..\LSIO\"
		Debug.AspNetCompiler.TargetPath = "PrecompiledWeb\localhost_55056\"
		Debug.AspNetCompiler.Updateable = "true"
		Debug.AspNetCompiler.ForceOverwrite = "true"
		Debug.AspNetCompiler.FixedNames = "false"
		Debug.AspNetCompiler.Debug = "True"
		Release.AspNetCompiler.VirtualPath = "/localhost_55056"
		Release.AspNetCompiler.PhysicalPath = "..\LSIO\"
		Release.AspNetCompiler.TargetPath = "PrecompiledWeb\localhost_55056\"
		Release.AspNetCompiler.Updateable = "true"
		Release.AspNetCompiler.ForceOverwrite = "true"
		Release.AspNetCompiler.FixedNames = "false"
		Release.AspNetCompiler.Debug = "False"
		SlnRelativePath = "..\LSIO\"
	EndProjectSection
EndProject
Global
	GlobalSection(SolutionConfigurationPlatforms) = preSolution
		Debug|Any CPU = Debug|Any CPU
	EndGlobalSection
	GlobalSection(ProjectConfigurationPlatforms) = postSolution
		{75565F15-BAE9-4DC2-A223-7A0A160A9CC9}.Debug|Any CPU.ActiveCfg = Debug|Any CPU
		{75565F15-BAE9-4DC2-A223-7A0A160A9CC9}.Debug|Any CPU.Build.0 = Debug|Any CPU
	EndGlobalSection
	GlobalSection(SolutionProperties) = preSolution
		HideSolutionNode = FALSE
	EndGlobalSection
	GlobalSection(ExtensibilityGlobals) = postSolution
		SolutionGuid = {42D10A4C-EE2B-4B23-B554-AF1977389AC2}
	EndGlobalSection
EndGlobal
